
Microsoft Visual Studio Solution File, Format Version 11.00
# Visual Studio 2010
Project("{FAE04EC0-301F-11D3-BF4B-00C04F79EFBC}") = "MainModule", "AmobaProject_Vision\MainModule.csproj", "{F4A4316F-E69F-4951-A560-2B3E08B3D769}"
	ProjectSection(ProjectDependencies) = postProject
		{E7B88524-D91D-4AC4-BD8B-EEF36BE5D725} = {E7B88524-D91D-4AC4-BD8B-EEF36BE5D725}
		{9FC3C579-A142-4A58-BFD2-F89CBF0428E1} = {9FC3C579-A142-4A58-BFD2-F89CBF0428E1}
	EndProjectSection
EndProject
Project("{FAE04EC0-301F-11D3-BF4B-00C04F79EFBC}") = "VisionOCRModule", "AmobaProject_Vision_OCR\VisionOCRModule.csproj", "{3231CECE-1053-4D0C-AE69-BB8D0CFE4809}"
	ProjectSection(ProjectDependencies) = postProject
		{2DC940F9-A9C6-4786-91E3-4588D7A7993C} = {2DC940F9-A9C6-4786-91E3-4588D7A7993C}
	EndProjectSection
EndProject
Project("{FAE04EC0-301F-11D3-BF4B-00C04F79EFBC}") = "VisionProcessorModule", "AmobaProject_Vision_Processor\VisionProcessorModule.csproj", "{01B25CA7-C02F-4B8E-97A5-FD7E13F76840}"
EndProject
Project("{FAE04EC0-301F-11D3-BF4B-00C04F79EFBC}") = "InterfaceModule", "Interface\InterfaceModule.csproj", "{2DC940F9-A9C6-4786-91E3-4588D7A7993C}"
EndProject
Project("{FAE04EC0-301F-11D3-BF4B-00C04F79EFBC}") = "KinematicsModule", "KinematicsModule\KinematicsModule.csproj", "{9FC3C579-A142-4A58-BFD2-F89CBF0428E1}"
	ProjectSection(ProjectDependencies) = postProject
		{2DC940F9-A9C6-4786-91E3-4588D7A7993C} = {2DC940F9-A9C6-4786-91E3-4588D7A7993C}
	EndProjectSection
EndProject
Project("{FAE04EC0-301F-11D3-BF4B-00C04F79EFBC}") = "GameLogicsModule", "GameLogicsModule\GameLogicsModule.csproj", "{E7B88524-D91D-4AC4-BD8B-EEF36BE5D725}"
	ProjectSection(ProjectDependencies) = postProject
		{2DC940F9-A9C6-4786-91E3-4588D7A7993C} = {2DC940F9-A9C6-4786-91E3-4588D7A7993C}
	EndProjectSection
EndProject
Global
	GlobalSection(SolutionConfigurationPlatforms) = preSolution
		Debug|Any CPU = Debug|Any CPU
		Debug|Mixed Platforms = Debug|Mixed Platforms
		Debug|x86 = Debug|x86
		Release|Any CPU = Release|Any CPU
		Release|Mixed Platforms = Release|Mixed Platforms
		Release|x86 = Release|x86
	EndGlobalSection
	GlobalSection(ProjectConfigurationPlatforms) = postSolution
		{F4A4316F-E69F-4951-A560-2B3E08B3D769}.Debug|Any CPU.ActiveCfg = Debug|x86
		{F4A4316F-E69F-4951-A560-2B3E08B3D769}.Debug|Mixed Platforms.ActiveCfg = Debug|x86
		{F4A4316F-E69F-4951-A560-2B3E08B3D769}.Debug|Mixed Platforms.Build.0 = Debug|x86
		{F4A4316F-E69F-4951-A560-2B3E08B3D769}.Debug|x86.ActiveCfg = Debug|x86
		{F4A4316F-E69F-4951-A560-2B3E08B3D769}.Debug|x86.Build.0 = Debug|x86
		{F4A4316F-E69F-4951-A560-2B3E08B3D769}.Release|Any CPU.ActiveCfg = Release|x86
		{F4A4316F-E69F-4951-A560-2B3E08B3D769}.Release|Mixed Platforms.ActiveCfg = Release|x86
		{F4A4316F-E69F-4951-A560-2B3E08B3D769}.Release|Mixed Platforms.Build.0 = Release|x86
		{F4A4316F-E69F-4951-A560-2B3E08B3D769}.Release|x86.ActiveCfg = Release|x86
		{F4A4316F-E69F-4951-A560-2B3E08B3D769}.Release|x86.Build.0 = Release|x86
		{3231CECE-1053-4D0C-AE69-BB8D0CFE4809}.Debug|Any CPU.ActiveCfg = Debug|Any CPU
		{3231CECE-1053-4D0C-AE69-BB8D0CFE4809}.Debug|Any CPU.Build.0 = Debug|Any CPU
		{3231CECE-1053-4D0C-AE69-BB8D0CFE4809}.Debug|Mixed Platforms.ActiveCfg = Debug|Any CPU
		{3231CECE-1053-4D0C-AE69-BB8D0CFE4809}.Debug|Mixed Platforms.Build.0 = Debug|Any CPU
		{3231CECE-1053-4D0C-AE69-BB8D0CFE4809}.Debug|x86.ActiveCfg = Debug|Any CPU
		{3231CECE-1053-4D0C-AE69-BB8D0CFE4809}.Release|Any CPU.ActiveCfg = Release|Any CPU
		{3231CECE-1053-4D0C-AE69-BB8D0CFE4809}.Release|Any CPU.Build.0 = Release|Any CPU
		{3231CECE-1053-4D0C-AE69-BB8D0CFE4809}.Release|Mixed Platforms.ActiveCfg = Release|Any CPU
		{3231CECE-1053-4D0C-AE69-BB8D0CFE4809}.Release|Mixed Platforms.Build.0 = Release|Any CPU
		{3231CECE-1053-4D0C-AE69-BB8D0CFE4809}.Release|x86.ActiveCfg = Release|Any CPU
		{01B25CA7-C02F-4B8E-97A5-FD7E13F76840}.Debug|Any CPU.ActiveCfg = Debug|Any CPU
		{01B25CA7-C02F-4B8E-97A5-FD7E13F76840}.Debug|Any CPU.Build.0 = Debug|Any CPU
		{01B25CA7-C02F-4B8E-97A5-FD7E13F76840}.Debug|Mixed Platforms.ActiveCfg = Debug|Any CPU
		{01B25CA7-C02F-4B8E-97A5-FD7E13F76840}.Debug|Mixed Platforms.Build.0 = Debug|Any CPU
		{01B25CA7-C02F-4B8E-97A5-FD7E13F76840}.Debug|x86.ActiveCfg = Debug|Any CPU
		{01B25CA7-C02F-4B8E-97A5-FD7E13F76840}.Release|Any CPU.ActiveCfg = Release|Any CPU
		{01B25CA7-C02F-4B8E-97A5-FD7E13F76840}.Release|Any CPU.Build.0 = Release|Any CPU
		{01B25CA7-C02F-4B8E-97A5-FD7E13F76840}.Release|Mixed Platforms.ActiveCfg = Release|Any CPU
		{01B25CA7-C02F-4B8E-97A5-FD7E13F76840}.Release|Mixed Platforms.Build.0 = Release|Any CPU
		{01B25CA7-C02F-4B8E-97A5-FD7E13F76840}.Release|x86.ActiveCfg = Release|Any CPU
		{2DC940F9-A9C6-4786-91E3-4588D7A7993C}.Debug|Any CPU.ActiveCfg = Debug|Any CPU
		{2DC940F9-A9C6-4786-91E3-4588D7A7993C}.Debug|Any CPU.Build.0 = Debug|Any CPU
		{2DC940F9-A9C6-4786-91E3-4588D7A7993C}.Debug|Mixed Platforms.ActiveCfg = Debug|Any CPU
		{2DC940F9-A9C6-4786-91E3-4588D7A7993C}.Debug|Mixed Platforms.Build.0 = Debug|Any CPU
		{2DC940F9-A9C6-4786-91E3-4588D7A7993C}.Debug|x86.ActiveCfg = Debug|Any CPU
		{2DC940F9-A9C6-4786-91E3-4588D7A7993C}.Release|Any CPU.ActiveCfg = Release|Any CPU
		{2DC940F9-A9C6-4786-91E3-4588D7A7993C}.Release|Any CPU.Build.0 = Release|Any CPU
		{2DC940F9-A9C6-4786-91E3-4588D7A7993C}.Release|Mixed Platforms.ActiveCfg = Release|Any CPU
		{2DC940F9-A9C6-4786-91E3-4588D7A7993C}.Release|Mixed Platforms.Build.0 = Release|Any CPU
		{2DC940F9-A9C6-4786-91E3-4588D7A7993C}.Release|x86.ActiveCfg = Release|Any CPU
		{9FC3C579-A142-4A58-BFD2-F89CBF0428E1}.Debug|Any CPU.ActiveCfg = Debug|Any CPU
		{9FC3C579-A142-4A58-BFD2-F89CBF0428E1}.Debug|Any CPU.Build.0 = Debug|Any CPU
		{9FC3C579-A142-4A58-BFD2-F89CBF0428E1}.Debug|Mixed Platforms.ActiveCfg = Debug|Any CPU
		{9FC3C579-A142-4A58-BFD2-F89CBF0428E1}.Debug|Mixed Platforms.Build.0 = Debug|Any CPU
		{9FC3C579-A142-4A58-BFD2-F89CBF0428E1}.Debug|x86.ActiveCfg = Debug|Any CPU
		{9FC3C579-A142-4A58-BFD2-F89CBF0428E1}.Release|Any CPU.ActiveCfg = Release|Any CPU
		{9FC3C579-A142-4A58-BFD2-F89CBF0428E1}.Release|Any CPU.Build.0 = Release|Any CPU
		{9FC3C579-A142-4A58-BFD2-F89CBF0428E1}.Release|Mixed Platforms.ActiveCfg = Release|Any CPU
		{9FC3C579-A142-4A58-BFD2-F89CBF0428E1}.Release|Mixed Platforms.Build.0 = Release|Any CPU
		{9FC3C579-A142-4A58-BFD2-F89CBF0428E1}.Release|x86.ActiveCfg = Release|Any CPU
		{E7B88524-D91D-4AC4-BD8B-EEF36BE5D725}.Debug|Any CPU.ActiveCfg = Debug|Any CPU
		{E7B88524-D91D-4AC4-BD8B-EEF36BE5D725}.Debug|Any CPU.Build.0 = Debug|Any CPU
		{E7B88524-D91D-4AC4-BD8B-EEF36BE5D725}.Debug|Mixed Platforms.ActiveCfg = Debug|Any CPU
		{E7B88524-D91D-4AC4-BD8B-EEF36BE5D725}.Debug|Mixed Platforms.Build.0 = Debug|Any CPU
		{E7B88524-D91D-4AC4-BD8B-EEF36BE5D725}.Debug|x86.ActiveCfg = Debug|Any CPU
		{E7B88524-D91D-4AC4-BD8B-EEF36BE5D725}.Release|Any CPU.ActiveCfg = Release|Any CPU
		{E7B88524-D91D-4AC4-BD8B-EEF36BE5D725}.Release|Any CPU.Build.0 = Release|Any CPU
		{E7B88524-D91D-4AC4-BD8B-EEF36BE5D725}.Release|Mixed Platforms.ActiveCfg = Release|Any CPU
		{E7B88524-D91D-4AC4-BD8B-EEF36BE5D725}.Release|Mixed Platforms.Build.0 = Release|Any CPU
		{E7B88524-D91D-4AC4-BD8B-EEF36BE5D725}.Release|x86.ActiveCfg = Release|Any CPU
	EndGlobalSection
	GlobalSection(SolutionProperties) = preSolution
		HideSolutionNode = FALSE
	EndGlobalSection
	GlobalSection(ExtensibilityGlobals) = postSolution
		VisualSVNWorkingCopyRoot = .
	EndGlobalSection
EndGlobal
