
Microsoft Visual Studio Solution File, Format Version 11.00
# Visual Studio 2010
Project("{FAE04EC0-301F-11D3-BF4B-00C04F79EFBC}") = "amoba", "amoba.csproj", "{EE96CE8F-B420-4592-ABE6-4DF18C673475}"
EndProject
Global
	GlobalSection(SolutionConfigurationPlatforms) = preSolution
		Debug|x86 = Debug|x86
		Release|x86 = Release|x86
	EndGlobalSection
	GlobalSection(ProjectConfigurationPlatforms) = postSolution
		{EE96CE8F-B420-4592-ABE6-4DF18C673475}.Debug|x86.ActiveCfg = Debug|x86
		{EE96CE8F-B420-4592-ABE6-4DF18C673475}.Debug|x86.Build.0 = Debug|x86
		{EE96CE8F-B420-4592-ABE6-4DF18C673475}.Release|x86.ActiveCfg = Release|x86
		{EE96CE8F-B420-4592-ABE6-4DF18C673475}.Release|x86.Build.0 = Release|x86
	EndGlobalSection
	GlobalSection(SolutionProperties) = preSolution
		HideSolutionNode = FALSE
	EndGlobalSection
	GlobalSection(ExtensibilityGlobals) = postSolution
		VisualSVNWorkingCopyRoot = .
	EndGlobalSection
EndGlobal
